
Microsoft Visual Studio Solution File, Format Version 12.00
# Visual Studio 15
VisualStudioVersion = 15.0.28307.168
MinimumVisualStudioVersion = 10.0.40219.1
Project("{FAE04EC0-301F-11D3-BF4B-00C04F79EFBC}") = "ZPI2018_Z_GAMMA", "ZPI2018_Z_GAMMA\ZPI2018_Z_GAMMA.csproj", "{9088B3AF-DB8A-4DC5-90D9-CBECF970B529}"
EndProject
Project("{FAE04EC0-301F-11D3-BF4B-00C04F79EFBC}") = "ZPI2018_Z_GAMMATests", "ZPI2018_Z_GAMMATests\ZPI2018_Z_GAMMATests.csproj", "{F328F843-9CF1-473E-A7ED-D5714DA23E2F}"
EndProject
Global
	GlobalSection(SolutionConfigurationPlatforms) = preSolution
		Debug|Any CPU = Debug|Any CPU
		Release|Any CPU = Release|Any CPU
	EndGlobalSection
	GlobalSection(ProjectConfigurationPlatforms) = postSolution
		{9088B3AF-DB8A-4DC5-90D9-CBECF970B529}.Debug|Any CPU.ActiveCfg = Debug|Any CPU
		{9088B3AF-DB8A-4DC5-90D9-CBECF970B529}.Debug|Any CPU.Build.0 = Debug|Any CPU
		{9088B3AF-DB8A-4DC5-90D9-CBECF970B529}.Release|Any CPU.ActiveCfg = Release|Any CPU
		{9088B3AF-DB8A-4DC5-90D9-CBECF970B529}.Release|Any CPU.Build.0 = Release|Any CPU
		{F328F843-9CF1-473E-A7ED-D5714DA23E2F}.Debug|Any CPU.ActiveCfg = Debug|Any CPU
		{F328F843-9CF1-473E-A7ED-D5714DA23E2F}.Debug|Any CPU.Build.0 = Debug|Any CPU
		{F328F843-9CF1-473E-A7ED-D5714DA23E2F}.Release|Any CPU.ActiveCfg = Release|Any CPU
		{F328F843-9CF1-473E-A7ED-D5714DA23E2F}.Release|Any CPU.Build.0 = Release|Any CPU
	EndGlobalSection
	GlobalSection(SolutionProperties) = preSolution
		HideSolutionNode = FALSE
	EndGlobalSection
	GlobalSection(ExtensibilityGlobals) = postSolution
		SolutionGuid = {4F6BA596-6363-4EFB-B067-EE537B60D280}
	EndGlobalSection
EndGlobal
